{
  "name": "multi-trader",
  "lockfileVersion": 3,
  "requires": true,
  "packages": {
    "": {
      "name": "multi-trader",
      "workspaces": [
        "src/multi-trader-frontend"
      ],
      "dependencies": {
        "@dfinity/agent": "^3.2.2",
        "@dfinity/auth-client": "^3.0.0",
        "@dfinity/candid": "^3.2.2",
        "@dfinity/principal": "^3.2.2"
      },
      "devDependencies": {
        "typescript": "^5.5.4"
      },
      "engines": {
        "node": ">=16.0.0",
        "npm": ">=7.0.0"
      }
    },
    "node_modules/@dfinity/agent": {
      "version": "3.2.2",
      "resolved": "https://registry.npmjs.org/@dfinity/agent/-/agent-3.2.2.tgz",
      "integrity": "sha512-2kISpJ89OYOKASyUuS3f0Sq3HiEWxK0hfEa43cFk5PKXvuHSY+As8LB5HP1KZzur8HSoeu8qxTeKx/Urk1CZ8A==",
      "license": "Apache-2.0",
      "dependencies": {
        "@dfinity/cbor": "^0.2.2",
        "@noble/curves": "^1.9.2"
      },
      "peerDependencies": {
        "@dfinity/candid": "3.2.2",
        "@dfinity/principal": "3.2.2",
        "@noble/hashes": "^1.8.0"
      }
    },
    "node_modules/@dfinity/auth-client": {
      "version": "3.2.2",
      "resolved": "https://registry.npmjs.org/@dfinity/auth-client/-/auth-client-3.2.2.tgz",
      "integrity": "sha512-3qNm8untJK/D4js7bMTS0s3hMlBx8wkIA9MOnhewGFv5OG4PuwE4g3GDgrPpoy3WVGHzUrj3mer3d7w+CJdgcg==",
      "license": "Apache-2.0",
      "dependencies": {
        "idb": "^7.0.2"
      },
      "peerDependencies": {
        "@dfinity/agent": "3.2.2",
        "@dfinity/identity": "3.2.2",
        "@dfinity/principal": "3.2.2"
      }
    },
    "node_modules/@dfinity/candid": {
      "version": "3.2.2",
      "resolved": "https://registry.npmjs.org/@dfinity/candid/-/candid-3.2.2.tgz",
      "integrity": "sha512-paxpJIjCRBB8YUYJm9GG/nB8qGPvkRqt2Z4vudQtjcKuKnKPohuIbXAJ1UT9TrXRTMdYev1UgbbBbOg/BeE7+A==",
      "license": "Apache-2.0",
      "peerDependencies": {
        "@dfinity/principal": "3.2.2"
      }
    },
    "node_modules/@dfinity/cbor": {
      "version": "0.2.2",
      "resolved": "https://registry.npmjs.org/@dfinity/cbor/-/cbor-0.2.2.tgz",
      "integrity": "sha512-GPJpH73kDEKbUBdUjY80lz7cq9l0vm1h/7ppejPV6O0ZTqCLrYspssYvqjRmK4aNnJ/SKXsP0rg9LYX7zpegaA==",
      "license": "Apache-2.0"
    },
    "node_modules/@dfinity/identity": {
      "version": "3.2.2",
      "resolved": "https://registry.npmjs.org/@dfinity/identity/-/identity-3.2.2.tgz",
      "integrity": "sha512-T24qmpM/ZG/B5YRjzTtJhmUhUIySIQCT1cqEU2Pq/QANxryijmfXhLK7NDWnPZfXXze8pTpdAgqTtwbSNipX6g==",
      "license": "Apache-2.0",
      "peer": true,
      "peerDependencies": {
        "@dfinity/agent": "3.2.2",
        "@dfinity/candid": "3.2.2",
        "@dfinity/principal": "3.2.2",
        "@noble/curves": "^1.9.2",
        "@noble/hashes": "^1.8.0"
      }
    },
    "node_modules/@dfinity/principal": {
      "version": "3.2.2",
      "resolved": "https://registry.npmjs.org/@dfinity/principal/-/principal-3.2.2.tgz",
      "integrity": "sha512-e5tHOYfpMvUkCOdJn9H+7iJk+eYJ8xpHNKMOCQQTSRMo9BZOU0SBxDBk+4gpKaI42KSd9TbnxEJ/+1/zE2pemA==",
      "license": "Apache-2.0",
      "dependencies": {
        "@noble/hashes": "^1.8.0"
      }
    },
    "node_modules/@noble/curves": {
      "version": "1.9.7",
      "resolved": "https://registry.npmjs.org/@noble/curves/-/curves-1.9.7.tgz",
      "integrity": "sha512-gbKGcRUYIjA3/zCCNaWDciTMFI0dCkvou3TL8Zmy5Nc7sJ47a0jtOeZoTaMxkuqRo9cRhjOdZJXegxYE5FN/xw==",
      "license": "MIT",
      "dependencies": {
        "@noble/hashes": "1.8.0"
      },
      "engines": {
        "node": "^14.21.3 || >=16"
      },
      "funding": {
        "url": "https://paulmillr.com/funding/"
      }
    },
    "node_modules/@noble/hashes": {
      "version": "1.8.0",
      "resolved": "https://registry.npmjs.org/@noble/hashes/-/hashes-1.8.0.tgz",
      "integrity": "sha512-jCs9ldd7NwzpgXDIf6P3+NrHh9/sD6CQdxHyjQI+h/6rDNo88ypBxxz45UDuZHz9r3tNz7N/VInSVoVdtXEI4A==",
      "license": "MIT",
      "engines": {
        "node": "^14.21.3 || >=16"
      },
      "funding": {
        "url": "https://paulmillr.com/funding/"
      }
    },
    "node_modules/idb": {
      "version": "7.1.1",
      "resolved": "https://registry.npmjs.org/idb/-/idb-7.1.1.tgz",
      "integrity": "sha512-gchesWBzyvGHRO9W8tzUWFDycow5gwjvFKfyV9FF32Y7F50yZMp7mP+T2mJIWFx49zicqyC4uefHM17o6xKIVQ==",
      "license": "ISC"
    },
    "node_modules/typescript": {
      "version": "5.5.4",
      "resolved": "https://registry.npmjs.org/typescript/-/typescript-5.5.4.tgz",
      "integrity": "sha512-Mtq29sKDAEYP7aljRgtPOpTvOfbwRWlS6dPRzwjdE+C0R4brX/GUyhHSecbHMFLNBLcJIPt9nl9yG5TZ1weH+Q==",
      "dev": true,
      "license": "Apache-2.0",
      "bin": {
        "tsc": "bin/tsc",
        "tsserver": "bin/tsserver"
      },
      "engines": {
        "node": ">=14.17"
      }
    }
  }
}
